
Microsoft Visual Studio Solution File, Format Version 12.00
# Visual Studio Version 17
VisualStudioVersion = 17.10.34928.147
MinimumVisualStudioVersion = 10.0.40219.1
Project("{FAE04EC0-301F-11D3-BF4B-00C04F79EFBC}") = "MAllison_ST10269378_PROG", "MAllison_ST10269378_PROG.csproj", "{ADA71478-10B1-47E9-8B6D-A2EB7650C1FB}"
EndProject
Global
	GlobalSection(SolutionConfigurationPlatforms) = preSolution
		Debug|Any CPU = Debug|Any CPU
		Release|Any CPU = Release|Any CPU
	EndGlobalSection
	GlobalSection(ProjectConfigurationPlatforms) = postSolution
		{ADA71478-10B1-47E9-8B6D-A2EB7650C1FB}.Debug|Any CPU.ActiveCfg = Debug|Any CPU
		{ADA71478-10B1-47E9-8B6D-A2EB7650C1FB}.Debug|Any CPU.Build.0 = Debug|Any CPU
		{ADA71478-10B1-47E9-8B6D-A2EB7650C1FB}.Release|Any CPU.ActiveCfg = Release|Any CPU
		{ADA71478-10B1-47E9-8B6D-A2EB7650C1FB}.Release|Any CPU.Build.0 = Release|Any CPU
	EndGlobalSection
	GlobalSection(SolutionProperties) = preSolution
		HideSolutionNode = FALSE
	EndGlobalSection
	GlobalSection(ExtensibilityGlobals) = postSolution
		SolutionGuid = {2C732F73-629F-4866-9BA2-967A972A90A8}
	EndGlobalSection
EndGlobal
